
Microsoft Visual Studio Solution File, Format Version 12.00
# Visual Studio Version 16
VisualStudioVersion = 16.0.31424.327
MinimumVisualStudioVersion = 10.0.40219.1
Project("{FAE04EC0-301F-11D3-BF4B-00C04F79EFBC}") = "BepInEx.uMod.Loader", "BepInEx.uMod.Loader\BepInEx.uMod.Loader.csproj", "{D0FEE2D8-9CA9-4306-BDB1-F90D65580C26}"
EndProject
Project("{FAE04EC0-301F-11D3-BF4B-00C04F79EFBC}") = "uModFramework", "uModFramework\uModFramework.csproj", "{C61D1725-CBB6-40CA-880F-D4DA1ACA50BE}"
EndProject
Global
	GlobalSection(SolutionConfigurationPlatforms) = preSolution
		Debug|Any CPU = Debug|Any CPU
		Release|Any CPU = Release|Any CPU
	EndGlobalSection
	GlobalSection(ProjectConfigurationPlatforms) = postSolution
		{D0FEE2D8-9CA9-4306-BDB1-F90D65580C26}.Debug|Any CPU.ActiveCfg = Debug|Any CPU
		{D0FEE2D8-9CA9-4306-BDB1-F90D65580C26}.Debug|Any CPU.Build.0 = Debug|Any CPU
		{D0FEE2D8-9CA9-4306-BDB1-F90D65580C26}.Release|Any CPU.ActiveCfg = Release|Any CPU
		{D0FEE2D8-9CA9-4306-BDB1-F90D65580C26}.Release|Any CPU.Build.0 = Release|Any CPU
		{C61D1725-CBB6-40CA-880F-D4DA1ACA50BE}.Debug|Any CPU.ActiveCfg = Debug|Any CPU
		{C61D1725-CBB6-40CA-880F-D4DA1ACA50BE}.Debug|Any CPU.Build.0 = Debug|Any CPU
		{C61D1725-CBB6-40CA-880F-D4DA1ACA50BE}.Release|Any CPU.ActiveCfg = Release|Any CPU
		{C61D1725-CBB6-40CA-880F-D4DA1ACA50BE}.Release|Any CPU.Build.0 = Release|Any CPU
	EndGlobalSection
	GlobalSection(SolutionProperties) = preSolution
		HideSolutionNode = FALSE
	EndGlobalSection
	GlobalSection(ExtensibilityGlobals) = postSolution
		SolutionGuid = {9C400E30-2CF7-467F-834D-242DC72E900A}
	EndGlobalSection
EndGlobal
